
Microsoft Visual Studio Solution File, Format Version 12.00
# Visual Studio 15
VisualStudioVersion = 15.0.28010.2050
MinimumVisualStudioVersion = 10.0.40219.1
Project("{FAE04EC0-301F-11D3-BF4B-00C04F79EFBC}") = "DemoXamarinEssentials.Android", "DemoXamarinEssentials\DemoXamarinEssentials.Android\DemoXamarinEssentials.Android.csproj", "{BA74F89B-FA11-43BF-86F0-A1B68CF35E30}"
EndProject
Project("{FAE04EC0-301F-11D3-BF4B-00C04F79EFBC}") = "DemoXamarinEssentials.iOS", "DemoXamarinEssentials\DemoXamarinEssentials.iOS\DemoXamarinEssentials.iOS.csproj", "{47F3E444-3454-4FC1-BFD8-CCBF872E282E}"
EndProject
Project("{FAE04EC0-301F-11D3-BF4B-00C04F79EFBC}") = "DemoXamarinEssentials.UWP", "DemoXamarinEssentials\DemoXamarinEssentials.UWP\DemoXamarinEssentials.UWP.csproj", "{2D7B4E4B-85FF-44BD-B83F-BACB0CF2F3BF}"
EndProject
Project("{FAE04EC0-301F-11D3-BF4B-00C04F79EFBC}") = "DemoXamarinEssentials", "DemoXamarinEssentials\DemoXamarinEssentials\DemoXamarinEssentials.csproj", "{ACC9D340-445E-48CC-8D51-10171E49D173}"
EndProject
Global
	GlobalSection(SolutionConfigurationPlatforms) = preSolution
		Ad-Hoc|Any CPU = Ad-Hoc|Any CPU
		Ad-Hoc|ARM = Ad-Hoc|ARM
		Ad-Hoc|iPhone = Ad-Hoc|iPhone
		Ad-Hoc|iPhoneSimulator = Ad-Hoc|iPhoneSimulator
		Ad-Hoc|x64 = Ad-Hoc|x64
		Ad-Hoc|x86 = Ad-Hoc|x86
		AppStore|Any CPU = AppStore|Any CPU
		AppStore|ARM = AppStore|ARM
		AppStore|iPhone = AppStore|iPhone
		AppStore|iPhoneSimulator = AppStore|iPhoneSimulator
		AppStore|x64 = AppStore|x64
		AppStore|x86 = AppStore|x86
		Debug|Any CPU = Debug|Any CPU
		Debug|ARM = Debug|ARM
		Debug|iPhone = Debug|iPhone
		Debug|iPhoneSimulator = Debug|iPhoneSimulator
		Debug|x64 = Debug|x64
		Debug|x86 = Debug|x86
		Release|Any CPU = Release|Any CPU
		Release|ARM = Release|ARM
		Release|iPhone = Release|iPhone
		Release|iPhoneSimulator = Release|iPhoneSimulator
		Release|x64 = Release|x64
		Release|x86 = Release|x86
	EndGlobalSection
	GlobalSection(ProjectConfigurationPlatforms) = postSolution
		{BA74F89B-FA11-43BF-86F0-A1B68CF35E30}.Ad-Hoc|Any CPU.ActiveCfg = Release|Any CPU
		{BA74F89B-FA11-43BF-86F0-A1B68CF35E30}.Ad-Hoc|Any CPU.Build.0 = Release|Any CPU
		{BA74F89B-FA11-43BF-86F0-A1B68CF35E30}.Ad-Hoc|Any CPU.Deploy.0 = Release|Any CPU
		{BA74F89B-FA11-43BF-86F0-A1B68CF35E30}.Ad-Hoc|ARM.ActiveCfg = Release|Any CPU
		{BA74F89B-FA11-43BF-86F0-A1B68CF35E30}.Ad-Hoc|ARM.Build.0 = Release|Any CPU
		{BA74F89B-FA11-43BF-86F0-A1B68CF35E30}.Ad-Hoc|ARM.Deploy.0 = Release|Any CPU
		{BA74F89B-FA11-43BF-86F0-A1B68CF35E30}.Ad-Hoc|iPhone.ActiveCfg = Release|Any CPU
		{BA74F89B-FA11-43BF-86F0-A1B68CF35E30}.Ad-Hoc|iPhone.Build.0 = Release|Any CPU
		{BA74F89B-FA11-43BF-86F0-A1B68CF35E30}.Ad-Hoc|iPhone.Deploy.0 = Release|Any CPU
		{BA74F89B-FA11-43BF-86F0-A1B68CF35E30}.Ad-Hoc|iPhoneSimulator.ActiveCfg = Release|Any CPU
		{BA74F89B-FA11-43BF-86F0-A1B68CF35E30}.Ad-Hoc|iPhoneSimulator.Build.0 = Release|Any CPU
		{BA74F89B-FA11-43BF-86F0-A1B68CF35E30}.Ad-Hoc|iPhoneSimulator.Deploy.0 = Release|Any CPU
		{BA74F89B-FA11-43BF-86F0-A1B68CF35E30}.Ad-Hoc|x64.ActiveCfg = Release|Any CPU
		{BA74F89B-FA11-43BF-86F0-A1B68CF35E30}.Ad-Hoc|x64.Build.0 = Release|Any CPU
		{BA74F89B-FA11-43BF-86F0-A1B68CF35E30}.Ad-Hoc|x64.Deploy.0 = Release|Any CPU
		{BA74F89B-FA11-43BF-86F0-A1B68CF35E30}.Ad-Hoc|x86.ActiveCfg = Release|Any CPU
		{BA74F89B-FA11-43BF-86F0-A1B68CF35E30}.Ad-Hoc|x86.Build.0 = Release|Any CPU
		{BA74F89B-FA11-43BF-86F0-A1B68CF35E30}.Ad-Hoc|x86.Deploy.0 = Release|Any CPU
		{BA74F89B-FA11-43BF-86F0-A1B68CF35E30}.AppStore|Any CPU.ActiveCfg = Release|Any CPU
		{BA74F89B-FA11-43BF-86F0-A1B68CF35E30}.AppStore|Any CPU.Build.0 = Release|Any CPU
		{BA74F89B-FA11-43BF-86F0-A1B68CF35E30}.AppStore|Any CPU.Deploy.0 = Release|Any CPU
		{BA74F89B-FA11-43BF-86F0-A1B68CF35E30}.AppStore|ARM.ActiveCfg = Release|Any CPU
		{BA74F89B-FA11-43BF-86F0-A1B68CF35E30}.AppStore|ARM.Build.0 = Release|Any CPU
		{BA74F89B-FA11-43BF-86F0-A1B68CF35E30}.AppStore|ARM.Deploy.0 = Release|Any CPU
		{BA74F89B-FA11-43BF-86F0-A1B68CF35E30}.AppStore|iPhone.ActiveCfg = Release|Any CPU
		{BA74F89B-FA11-43BF-86F0-A1B68CF35E30}.AppStore|iPhone.Build.0 = Release|Any CPU
		{BA74F89B-FA11-43BF-86F0-A1B68CF35E30}.AppStore|iPhone.Deploy.0 = Release|Any CPU
		{BA74F89B-FA11-43BF-86F0-A1B68CF35E30}.AppStore|iPhoneSimulator.ActiveCfg = Release|Any CPU
		{BA74F89B-FA11-43BF-86F0-A1B68CF35E30}.AppStore|iPhoneSimulator.Build.0 = Release|Any CPU
		{BA74F89B-FA11-43BF-86F0-A1B68CF35E30}.AppStore|iPhoneSimulator.Deploy.0 = Release|Any CPU
		{BA74F89B-FA11-43BF-86F0-A1B68CF35E30}.AppStore|x64.ActiveCfg = Release|Any CPU
		{BA74F89B-FA11-43BF-86F0-A1B68CF35E30}.AppStore|x64.Build.0 = Release|Any CPU
		{BA74F89B-FA11-43BF-86F0-A1B68CF35E30}.AppStore|x64.Deploy.0 = Release|Any CPU
		{BA74F89B-FA11-43BF-86F0-A1B68CF35E30}.AppStore|x86.ActiveCfg = Release|Any CPU
		{BA74F89B-FA11-43BF-86F0-A1B68CF35E30}.AppStore|x86.Build.0 = Release|Any CPU
		{BA74F89B-FA11-43BF-86F0-A1B68CF35E30}.AppStore|x86.Deploy.0 = Release|Any CPU
		{BA74F89B-FA11-43BF-86F0-A1B68CF35E30}.Debug|Any CPU.ActiveCfg = Debug|Any CPU
		{BA74F89B-FA11-43BF-86F0-A1B68CF35E30}.Debug|Any CPU.Build.0 = Debug|Any CPU
		{BA74F89B-FA11-43BF-86F0-A1B68CF35E30}.Debug|Any CPU.Deploy.0 = Debug|Any CPU
		{BA74F89B-FA11-43BF-86F0-A1B68CF35E30}.Debug|ARM.ActiveCfg = Debug|Any CPU
		{BA74F89B-FA11-43BF-86F0-A1B68CF35E30}.Debug|ARM.Build.0 = Debug|Any CPU
		{BA74F89B-FA11-43BF-86F0-A1B68CF35E30}.Debug|ARM.Deploy.0 = Debug|Any CPU
		{BA74F89B-FA11-43BF-86F0-A1B68CF35E30}.Debug|iPhone.ActiveCfg = Debug|Any CPU
		{BA74F89B-FA11-43BF-86F0-A1B68CF35E30}.Debug|iPhone.Build.0 = Debug|Any CPU
		{BA74F89B-FA11-43BF-86F0-A1B68CF35E30}.Debug|iPhone.Deploy.0 = Debug|Any CPU
		{BA74F89B-FA11-43BF-86F0-A1B68CF35E30}.Debug|iPhoneSimulator.ActiveCfg = Debug|Any CPU
		{BA74F89B-FA11-43BF-86F0-A1B68CF35E30}.Debug|iPhoneSimulator.Build.0 = Debug|Any CPU
		{BA74F89B-FA11-43BF-86F0-A1B68CF35E30}.Debug|iPhoneSimulator.Deploy.0 = Debug|Any CPU
		{BA74F89B-FA11-43BF-86F0-A1B68CF35E30}.Debug|x64.ActiveCfg = Debug|Any CPU
		{BA74F89B-FA11-43BF-86F0-A1B68CF35E30}.Debug|x64.Build.0 = Debug|Any CPU
		{BA74F89B-FA11-43BF-86F0-A1B68CF35E30}.Debug|x64.Deploy.0 = Debug|Any CPU
		{BA74F89B-FA11-43BF-86F0-A1B68CF35E30}.Debug|x86.ActiveCfg = Debug|Any CPU
		{BA74F89B-FA11-43BF-86F0-A1B68CF35E30}.Debug|x86.Build.0 = Debug|Any CPU
		{BA74F89B-FA11-43BF-86F0-A1B68CF35E30}.Debug|x86.Deploy.0 = Debug|Any CPU
		{BA74F89B-FA11-43BF-86F0-A1B68CF35E30}.Release|Any CPU.ActiveCfg = Release|Any CPU
		{BA74F89B-FA11-43BF-86F0-A1B68CF35E30}.Release|Any CPU.Build.0 = Release|Any CPU
		{BA74F89B-FA11-43BF-86F0-A1B68CF35E30}.Release|Any CPU.Deploy.0 = Release|Any CPU
		{BA74F89B-FA11-43BF-86F0-A1B68CF35E30}.Release|ARM.ActiveCfg = Release|Any CPU
		{BA74F89B-FA11-43BF-86F0-A1B68CF35E30}.Release|ARM.Build.0 = Release|Any CPU
		{BA74F89B-FA11-43BF-86F0-A1B68CF35E30}.Release|ARM.Deploy.0 = Release|Any CPU
		{BA74F89B-FA11-43BF-86F0-A1B68CF35E30}.Release|iPhone.ActiveCfg = Release|Any CPU
		{BA74F89B-FA11-43BF-86F0-A1B68CF35E30}.Release|iPhone.Build.0 = Release|Any CPU
		{BA74F89B-FA11-43BF-86F0-A1B68CF35E30}.Release|iPhone.Deploy.0 = Release|Any CPU
		{BA74F89B-FA11-43BF-86F0-A1B68CF35E30}.Release|iPhoneSimulator.ActiveCfg = Release|Any CPU
		{BA74F89B-FA11-43BF-86F0-A1B68CF35E30}.Release|iPhoneSimulator.Build.0 = Release|Any CPU
		{BA74F89B-FA11-43BF-86F0-A1B68CF35E30}.Release|iPhoneSimulator.Deploy.0 = Release|Any CPU
		{BA74F89B-FA11-43BF-86F0-A1B68CF35E30}.Release|x64.ActiveCfg = Release|Any CPU
		{BA74F89B-FA11-43BF-86F0-A1B68CF35E30}.Release|x64.Build.0 = Release|Any CPU
		{BA74F89B-FA11-43BF-86F0-A1B68CF35E30}.Release|x64.Deploy.0 = Release|Any CPU
		{BA74F89B-FA11-43BF-86F0-A1B68CF35E30}.Release|x86.ActiveCfg = Release|Any CPU
		{BA74F89B-FA11-43BF-86F0-A1B68CF35E30}.Release|x86.Build.0 = Release|Any CPU
		{BA74F89B-FA11-43BF-86F0-A1B68CF35E30}.Release|x86.Deploy.0 = Release|Any CPU
		{47F3E444-3454-4FC1-BFD8-CCBF872E282E}.Ad-Hoc|Any CPU.ActiveCfg = Ad-Hoc|iPhone
		{47F3E444-3454-4FC1-BFD8-CCBF872E282E}.Ad-Hoc|Any CPU.Build.0 = Ad-Hoc|iPhone
		{47F3E444-3454-4FC1-BFD8-CCBF872E282E}.Ad-Hoc|Any CPU.Deploy.0 = Ad-Hoc|iPhone
		{47F3E444-3454-4FC1-BFD8-CCBF872E282E}.Ad-Hoc|ARM.ActiveCfg = Ad-Hoc|iPhone
		{47F3E444-3454-4FC1-BFD8-CCBF872E282E}.Ad-Hoc|ARM.Build.0 = Ad-Hoc|iPhone
		{47F3E444-3454-4FC1-BFD8-CCBF872E282E}.Ad-Hoc|ARM.Deploy.0 = Ad-Hoc|iPhone
		{47F3E444-3454-4FC1-BFD8-CCBF872E282E}.Ad-Hoc|iPhone.ActiveCfg = Ad-Hoc|iPhone
		{47F3E444-3454-4FC1-BFD8-CCBF872E282E}.Ad-Hoc|iPhone.Build.0 = Ad-Hoc|iPhone
		{47F3E444-3454-4FC1-BFD8-CCBF872E282E}.Ad-Hoc|iPhone.Deploy.0 = Ad-Hoc|iPhone
		{47F3E444-3454-4FC1-BFD8-CCBF872E282E}.Ad-Hoc|iPhoneSimulator.ActiveCfg = Ad-Hoc|iPhoneSimulator
		{47F3E444-3454-4FC1-BFD8-CCBF872E282E}.Ad-Hoc|iPhoneSimulator.Build.0 = Ad-Hoc|iPhoneSimulator
		{47F3E444-3454-4FC1-BFD8-CCBF872E282E}.Ad-Hoc|iPhoneSimulator.Deploy.0 = Ad-Hoc|iPhoneSimulator
		{47F3E444-3454-4FC1-BFD8-CCBF872E282E}.Ad-Hoc|x64.ActiveCfg = Ad-Hoc|iPhone
		{47F3E444-3454-4FC1-BFD8-CCBF872E282E}.Ad-Hoc|x64.Build.0 = Ad-Hoc|iPhone
		{47F3E444-3454-4FC1-BFD8-CCBF872E282E}.Ad-Hoc|x64.Deploy.0 = Ad-Hoc|iPhone
		{47F3E444-3454-4FC1-BFD8-CCBF872E282E}.Ad-Hoc|x86.ActiveCfg = Ad-Hoc|iPhone
		{47F3E444-3454-4FC1-BFD8-CCBF872E282E}.Ad-Hoc|x86.Build.0 = Ad-Hoc|iPhone
		{47F3E444-3454-4FC1-BFD8-CCBF872E282E}.Ad-Hoc|x86.Deploy.0 = Ad-Hoc|iPhone
		{47F3E444-3454-4FC1-BFD8-CCBF872E282E}.AppStore|Any CPU.ActiveCfg = AppStore|iPhone
		{47F3E444-3454-4FC1-BFD8-CCBF872E282E}.AppStore|Any CPU.Build.0 = AppStore|iPhone
		{47F3E444-3454-4FC1-BFD8-CCBF872E282E}.AppStore|Any CPU.Deploy.0 = AppStore|iPhone
		{47F3E444-3454-4FC1-BFD8-CCBF872E282E}.AppStore|ARM.ActiveCfg = AppStore|iPhone
		{47F3E444-3454-4FC1-BFD8-CCBF872E282E}.AppStore|ARM.Build.0 = AppStore|iPhone
		{47F3E444-3454-4FC1-BFD8-CCBF872E282E}.AppStore|ARM.Deploy.0 = AppStore|iPhone
		{47F3E444-3454-4FC1-BFD8-CCBF872E282E}.AppStore|iPhone.ActiveCfg = AppStore|iPhone
		{47F3E444-3454-4FC1-BFD8-CCBF872E282E}.AppStore|iPhone.Build.0 = AppStore|iPhone
		{47F3E444-3454-4FC1-BFD8-CCBF872E282E}.AppStore|iPhone.Deploy.0 = AppStore|iPhone
		{47F3E444-3454-4FC1-BFD8-CCBF872E282E}.AppStore|iPhoneSimulator.ActiveCfg = AppStore|iPhoneSimulator
		{47F3E444-3454-4FC1-BFD8-CCBF872E282E}.AppStore|iPhoneSimulator.Build.0 = AppStore|iPhoneSimulator
		{47F3E444-3454-4FC1-BFD8-CCBF872E282E}.AppStore|iPhoneSimulator.Deploy.0 = AppStore|iPhoneSimulator
		{47F3E444-3454-4FC1-BFD8-CCBF872E282E}.AppStore|x64.ActiveCfg = AppStore|iPhone
		{47F3E444-3454-4FC1-BFD8-CCBF872E282E}.AppStore|x64.Build.0 = AppStore|iPhone
		{47F3E444-3454-4FC1-BFD8-CCBF872E282E}.AppStore|x64.Deploy.0 = AppStore|iPhone
		{47F3E444-3454-4FC1-BFD8-CCBF872E282E}.AppStore|x86.ActiveCfg = AppStore|iPhone
		{47F3E444-3454-4FC1-BFD8-CCBF872E282E}.AppStore|x86.Build.0 = AppStore|iPhone
		{47F3E444-3454-4FC1-BFD8-CCBF872E282E}.AppStore|x86.Deploy.0 = AppStore|iPhone
		{47F3E444-3454-4FC1-BFD8-CCBF872E282E}.Debug|Any CPU.ActiveCfg = Debug|iPhoneSimulator
		{47F3E444-3454-4FC1-BFD8-CCBF872E282E}.Debug|Any CPU.Build.0 = Debug|iPhoneSimulator
		{47F3E444-3454-4FC1-BFD8-CCBF872E282E}.Debug|Any CPU.Deploy.0 = Debug|iPhoneSimulator
		{47F3E444-3454-4FC1-BFD8-CCBF872E282E}.Debug|ARM.ActiveCfg = Debug|iPhone
		{47F3E444-3454-4FC1-BFD8-CCBF872E282E}.Debug|ARM.Build.0 = Debug|iPhone
		{47F3E444-3454-4FC1-BFD8-CCBF872E282E}.Debug|ARM.Deploy.0 = Debug|iPhone
		{47F3E444-3454-4FC1-BFD8-CCBF872E282E}.Debug|iPhone.ActiveCfg = Debug|iPhone
		{47F3E444-3454-4FC1-BFD8-CCBF872E282E}.Debug|iPhone.Build.0 = Debug|iPhone
		{47F3E444-3454-4FC1-BFD8-CCBF872E282E}.Debug|iPhone.Deploy.0 = Debug|iPhone
		{47F3E444-3454-4FC1-BFD8-CCBF872E282E}.Debug|iPhoneSimulator.ActiveCfg = Debug|iPhoneSimulator
		{47F3E444-3454-4FC1-BFD8-CCBF872E282E}.Debug|iPhoneSimulator.Build.0 = Debug|iPhoneSimulator
		{47F3E444-3454-4FC1-BFD8-CCBF872E282E}.Debug|iPhoneSimulator.Deploy.0 = Debug|iPhoneSimulator
		{47F3E444-3454-4FC1-BFD8-CCBF872E282E}.Debug|x64.ActiveCfg = Debug|iPhone
		{47F3E444-3454-4FC1-BFD8-CCBF872E282E}.Debug|x64.Build.0 = Debug|iPhone
		{47F3E444-3454-4FC1-BFD8-CCBF872E282E}.Debug|x64.Deploy.0 = Debug|iPhone
		{47F3E444-3454-4FC1-BFD8-CCBF872E282E}.Debug|x86.ActiveCfg = Debug|iPhone
		{47F3E444-3454-4FC1-BFD8-CCBF872E282E}.Debug|x86.Build.0 = Debug|iPhone
		{47F3E444-3454-4FC1-BFD8-CCBF872E282E}.Debug|x86.Deploy.0 = Debug|iPhone
		{47F3E444-3454-4FC1-BFD8-CCBF872E282E}.Release|Any CPU.ActiveCfg = Release|iPhone
		{47F3E444-3454-4FC1-BFD8-CCBF872E282E}.Release|Any CPU.Build.0 = Release|iPhone
		{47F3E444-3454-4FC1-BFD8-CCBF872E282E}.Release|Any CPU.Deploy.0 = Release|iPhone
		{47F3E444-3454-4FC1-BFD8-CCBF872E282E}.Release|ARM.ActiveCfg = Release|iPhone
		{47F3E444-3454-4FC1-BFD8-CCBF872E282E}.Release|ARM.Build.0 = Release|iPhone
		{47F3E444-3454-4FC1-BFD8-CCBF872E282E}.Release|ARM.Deploy.0 = Release|iPhone
		{47F3E444-3454-4FC1-BFD8-CCBF872E282E}.Release|iPhone.ActiveCfg = Release|iPhone
		{47F3E444-3454-4FC1-BFD8-CCBF872E282E}.Release|iPhone.Build.0 = Release|iPhone
		{47F3E444-3454-4FC1-BFD8-CCBF872E282E}.Release|iPhone.Deploy.0 = Release|iPhone
		{47F3E444-3454-4FC1-BFD8-CCBF872E282E}.Release|iPhoneSimulator.ActiveCfg = Release|iPhoneSimulator
		{47F3E444-3454-4FC1-BFD8-CCBF872E282E}.Release|iPhoneSimulator.Build.0 = Release|iPhoneSimulator
		{47F3E444-3454-4FC1-BFD8-CCBF872E282E}.Release|iPhoneSimulator.Deploy.0 = Release|iPhoneSimulator
		{47F3E444-3454-4FC1-BFD8-CCBF872E282E}.Release|x64.ActiveCfg = Release|iPhone
		{47F3E444-3454-4FC1-BFD8-CCBF872E282E}.Release|x64.Build.0 = Release|iPhone
		{47F3E444-3454-4FC1-BFD8-CCBF872E282E}.Release|x64.Deploy.0 = Release|iPhone
		{47F3E444-3454-4FC1-BFD8-CCBF872E282E}.Release|x86.ActiveCfg = Release|iPhone
		{47F3E444-3454-4FC1-BFD8-CCBF872E282E}.Release|x86.Build.0 = Release|iPhone
		{47F3E444-3454-4FC1-BFD8-CCBF872E282E}.Release|x86.Deploy.0 = Release|iPhone
		{2D7B4E4B-85FF-44BD-B83F-BACB0CF2F3BF}.Ad-Hoc|Any CPU.ActiveCfg = Release|x86
		{2D7B4E4B-85FF-44BD-B83F-BACB0CF2F3BF}.Ad-Hoc|Any CPU.Build.0 = Release|x86
		{2D7B4E4B-85FF-44BD-B83F-BACB0CF2F3BF}.Ad-Hoc|Any CPU.Deploy.0 = Release|x86
		{2D7B4E4B-85FF-44BD-B83F-BACB0CF2F3BF}.Ad-Hoc|ARM.ActiveCfg = Release|ARM
		{2D7B4E4B-85FF-44BD-B83F-BACB0CF2F3BF}.Ad-Hoc|ARM.Build.0 = Release|ARM
		{2D7B4E4B-85FF-44BD-B83F-BACB0CF2F3BF}.Ad-Hoc|ARM.Deploy.0 = Release|ARM
		{2D7B4E4B-85FF-44BD-B83F-BACB0CF2F3BF}.Ad-Hoc|iPhone.ActiveCfg = Release|x86
		{2D7B4E4B-85FF-44BD-B83F-BACB0CF2F3BF}.Ad-Hoc|iPhone.Build.0 = Release|x86
		{2D7B4E4B-85FF-44BD-B83F-BACB0CF2F3BF}.Ad-Hoc|iPhone.Deploy.0 = Release|x86
		{2D7B4E4B-85FF-44BD-B83F-BACB0CF2F3BF}.Ad-Hoc|iPhoneSimulator.ActiveCfg = Release|x86
		{2D7B4E4B-85FF-44BD-B83F-BACB0CF2F3BF}.Ad-Hoc|iPhoneSimulator.Build.0 = Release|x86
		{2D7B4E4B-85FF-44BD-B83F-BACB0CF2F3BF}.Ad-Hoc|iPhoneSimulator.Deploy.0 = Release|x86
		{2D7B4E4B-85FF-44BD-B83F-BACB0CF2F3BF}.Ad-Hoc|x64.ActiveCfg = Release|x64
		{2D7B4E4B-85FF-44BD-B83F-BACB0CF2F3BF}.Ad-Hoc|x64.Build.0 = Release|x64
		{2D7B4E4B-85FF-44BD-B83F-BACB0CF2F3BF}.Ad-Hoc|x64.Deploy.0 = Release|x64
		{2D7B4E4B-85FF-44BD-B83F-BACB0CF2F3BF}.Ad-Hoc|x86.ActiveCfg = Release|x86
		{2D7B4E4B-85FF-44BD-B83F-BACB0CF2F3BF}.Ad-Hoc|x86.Build.0 = Release|x86
		{2D7B4E4B-85FF-44BD-B83F-BACB0CF2F3BF}.Ad-Hoc|x86.Deploy.0 = Release|x86
		{2D7B4E4B-85FF-44BD-B83F-BACB0CF2F3BF}.AppStore|Any CPU.ActiveCfg = Release|x86
		{2D7B4E4B-85FF-44BD-B83F-BACB0CF2F3BF}.AppStore|Any CPU.Build.0 = Release|x86
		{2D7B4E4B-85FF-44BD-B83F-BACB0CF2F3BF}.AppStore|Any CPU.Deploy.0 = Release|x86
		{2D7B4E4B-85FF-44BD-B83F-BACB0CF2F3BF}.AppStore|ARM.ActiveCfg = Release|ARM
		{2D7B4E4B-85FF-44BD-B83F-BACB0CF2F3BF}.AppStore|ARM.Build.0 = Release|ARM
		{2D7B4E4B-85FF-44BD-B83F-BACB0CF2F3BF}.AppStore|ARM.Deploy.0 = Release|ARM
		{2D7B4E4B-85FF-44BD-B83F-BACB0CF2F3BF}.AppStore|iPhone.ActiveCfg = Release|x86
		{2D7B4E4B-85FF-44BD-B83F-BACB0CF2F3BF}.AppStore|iPhone.Build.0 = Release|x86
		{2D7B4E4B-85FF-44BD-B83F-BACB0CF2F3BF}.AppStore|iPhone.Deploy.0 = Release|x86
		{2D7B4E4B-85FF-44BD-B83F-BACB0CF2F3BF}.AppStore|iPhoneSimulator.ActiveCfg = Release|x86
		{2D7B4E4B-85FF-44BD-B83F-BACB0CF2F3BF}.AppStore|iPhoneSimulator.Build.0 = Release|x86
		{2D7B4E4B-85FF-44BD-B83F-BACB0CF2F3BF}.AppStore|iPhoneSimulator.Deploy.0 = Release|x86
		{2D7B4E4B-85FF-44BD-B83F-BACB0CF2F3BF}.AppStore|x64.ActiveCfg = Release|x64
		{2D7B4E4B-85FF-44BD-B83F-BACB0CF2F3BF}.AppStore|x64.Build.0 = Release|x64
		{2D7B4E4B-85FF-44BD-B83F-BACB0CF2F3BF}.AppStore|x64.Deploy.0 = Release|x64
		{2D7B4E4B-85FF-44BD-B83F-BACB0CF2F3BF}.AppStore|x86.ActiveCfg = Release|x86
		{2D7B4E4B-85FF-44BD-B83F-BACB0CF2F3BF}.AppStore|x86.Build.0 = Release|x86
		{2D7B4E4B-85FF-44BD-B83F-BACB0CF2F3BF}.AppStore|x86.Deploy.0 = Release|x86
		{2D7B4E4B-85FF-44BD-B83F-BACB0CF2F3BF}.Debug|Any CPU.ActiveCfg = Debug|x86
		{2D7B4E4B-85FF-44BD-B83F-BACB0CF2F3BF}.Debug|Any CPU.Build.0 = Debug|x86
		{2D7B4E4B-85FF-44BD-B83F-BACB0CF2F3BF}.Debug|Any CPU.Deploy.0 = Debug|x86
		{2D7B4E4B-85FF-44BD-B83F-BACB0CF2F3BF}.Debug|ARM.ActiveCfg = Debug|ARM
		{2D7B4E4B-85FF-44BD-B83F-BACB0CF2F3BF}.Debug|ARM.Build.0 = Debug|ARM
		{2D7B4E4B-85FF-44BD-B83F-BACB0CF2F3BF}.Debug|ARM.Deploy.0 = Debug|ARM
		{2D7B4E4B-85FF-44BD-B83F-BACB0CF2F3BF}.Debug|iPhone.ActiveCfg = Debug|x86
		{2D7B4E4B-85FF-44BD-B83F-BACB0CF2F3BF}.Debug|iPhone.Build.0 = Debug|x86
		{2D7B4E4B-85FF-44BD-B83F-BACB0CF2F3BF}.Debug|iPhone.Deploy.0 = Debug|x86
		{2D7B4E4B-85FF-44BD-B83F-BACB0CF2F3BF}.Debug|iPhoneSimulator.ActiveCfg = Debug|x86
		{2D7B4E4B-85FF-44BD-B83F-BACB0CF2F3BF}.Debug|iPhoneSimulator.Build.0 = Debug|x86
		{2D7B4E4B-85FF-44BD-B83F-BACB0CF2F3BF}.Debug|iPhoneSimulator.Deploy.0 = Debug|x86
		{2D7B4E4B-85FF-44BD-B83F-BACB0CF2F3BF}.Debug|x64.ActiveCfg = Debug|x64
		{2D7B4E4B-85FF-44BD-B83F-BACB0CF2F3BF}.Debug|x64.Build.0 = Debug|x64
		{2D7B4E4B-85FF-44BD-B83F-BACB0CF2F3BF}.Debug|x64.Deploy.0 = Debug|x64
		{2D7B4E4B-85FF-44BD-B83F-BACB0CF2F3BF}.Debug|x86.ActiveCfg = Debug|x86
		{2D7B4E4B-85FF-44BD-B83F-BACB0CF2F3BF}.Debug|x86.Build.0 = Debug|x86
		{2D7B4E4B-85FF-44BD-B83F-BACB0CF2F3BF}.Debug|x86.Deploy.0 = Debug|x86
		{2D7B4E4B-85FF-44BD-B83F-BACB0CF2F3BF}.Release|Any CPU.ActiveCfg = Release|x86
		{2D7B4E4B-85FF-44BD-B83F-BACB0CF2F3BF}.Release|Any CPU.Build.0 = Release|x86
		{2D7B4E4B-85FF-44BD-B83F-BACB0CF2F3BF}.Release|Any CPU.Deploy.0 = Release|x86
		{2D7B4E4B-85FF-44BD-B83F-BACB0CF2F3BF}.Release|ARM.ActiveCfg = Release|ARM
		{2D7B4E4B-85FF-44BD-B83F-BACB0CF2F3BF}.Release|ARM.Build.0 = Release|ARM
		{2D7B4E4B-85FF-44BD-B83F-BACB0CF2F3BF}.Release|ARM.Deploy.0 = Release|ARM
		{2D7B4E4B-85FF-44BD-B83F-BACB0CF2F3BF}.Release|iPhone.ActiveCfg = Release|x86
		{2D7B4E4B-85FF-44BD-B83F-BACB0CF2F3BF}.Release|iPhone.Build.0 = Release|x86
		{2D7B4E4B-85FF-44BD-B83F-BACB0CF2F3BF}.Release|iPhone.Deploy.0 = Release|x86
		{2D7B4E4B-85FF-44BD-B83F-BACB0CF2F3BF}.Release|iPhoneSimulator.ActiveCfg = Release|x86
		{2D7B4E4B-85FF-44BD-B83F-BACB0CF2F3BF}.Release|iPhoneSimulator.Build.0 = Release|x86
		{2D7B4E4B-85FF-44BD-B83F-BACB0CF2F3BF}.Release|iPhoneSimulator.Deploy.0 = Release|x86
		{2D7B4E4B-85FF-44BD-B83F-BACB0CF2F3BF}.Release|x64.ActiveCfg = Release|x64
		{2D7B4E4B-85FF-44BD-B83F-BACB0CF2F3BF}.Release|x64.Build.0 = Release|x64
		{2D7B4E4B-85FF-44BD-B83F-BACB0CF2F3BF}.Release|x64.Deploy.0 = Release|x64
		{2D7B4E4B-85FF-44BD-B83F-BACB0CF2F3BF}.Release|x86.ActiveCfg = Release|x86
		{2D7B4E4B-85FF-44BD-B83F-BACB0CF2F3BF}.Release|x86.Build.0 = Release|x86
		{2D7B4E4B-85FF-44BD-B83F-BACB0CF2F3BF}.Release|x86.Deploy.0 = Release|x86
		{ACC9D340-445E-48CC-8D51-10171E49D173}.Ad-Hoc|Any CPU.ActiveCfg = Debug|Any CPU
		{ACC9D340-445E-48CC-8D51-10171E49D173}.Ad-Hoc|Any CPU.Build.0 = Debug|Any CPU
		{ACC9D340-445E-48CC-8D51-10171E49D173}.Ad-Hoc|Any CPU.Deploy.0 = Debug|Any CPU
		{ACC9D340-445E-48CC-8D51-10171E49D173}.Ad-Hoc|ARM.ActiveCfg = Debug|Any CPU
		{ACC9D340-445E-48CC-8D51-10171E49D173}.Ad-Hoc|ARM.Build.0 = Debug|Any CPU
		{ACC9D340-445E-48CC-8D51-10171E49D173}.Ad-Hoc|ARM.Deploy.0 = Debug|Any CPU
		{ACC9D340-445E-48CC-8D51-10171E49D173}.Ad-Hoc|iPhone.ActiveCfg = Debug|Any CPU
		{ACC9D340-445E-48CC-8D51-10171E49D173}.Ad-Hoc|iPhone.Build.0 = Debug|Any CPU
		{ACC9D340-445E-48CC-8D51-10171E49D173}.Ad-Hoc|iPhone.Deploy.0 = Debug|Any CPU
		{ACC9D340-445E-48CC-8D51-10171E49D173}.Ad-Hoc|iPhoneSimulator.ActiveCfg = Debug|Any CPU
		{ACC9D340-445E-48CC-8D51-10171E49D173}.Ad-Hoc|iPhoneSimulator.Build.0 = Debug|Any CPU
		{ACC9D340-445E-48CC-8D51-10171E49D173}.Ad-Hoc|iPhoneSimulator.Deploy.0 = Debug|Any CPU
		{ACC9D340-445E-48CC-8D51-10171E49D173}.Ad-Hoc|x64.ActiveCfg = Debug|Any CPU
		{ACC9D340-445E-48CC-8D51-10171E49D173}.Ad-Hoc|x64.Build.0 = Debug|Any CPU
		{ACC9D340-445E-48CC-8D51-10171E49D173}.Ad-Hoc|x64.Deploy.0 = Debug|Any CPU
		{ACC9D340-445E-48CC-8D51-10171E49D173}.Ad-Hoc|x86.ActiveCfg = Debug|Any CPU
		{ACC9D340-445E-48CC-8D51-10171E49D173}.Ad-Hoc|x86.Build.0 = Debug|Any CPU
		{ACC9D340-445E-48CC-8D51-10171E49D173}.Ad-Hoc|x86.Deploy.0 = Debug|Any CPU
		{ACC9D340-445E-48CC-8D51-10171E49D173}.AppStore|Any CPU.ActiveCfg = Debug|Any CPU
		{ACC9D340-445E-48CC-8D51-10171E49D173}.AppStore|Any CPU.Build.0 = Debug|Any CPU
		{ACC9D340-445E-48CC-8D51-10171E49D173}.AppStore|Any CPU.Deploy.0 = Debug|Any CPU
		{ACC9D340-445E-48CC-8D51-10171E49D173}.AppStore|ARM.ActiveCfg = Debug|Any CPU
		{ACC9D340-445E-48CC-8D51-10171E49D173}.AppStore|ARM.Build.0 = Debug|Any CPU
		{ACC9D340-445E-48CC-8D51-10171E49D173}.AppStore|ARM.Deploy.0 = Debug|Any CPU
		{ACC9D340-445E-48CC-8D51-10171E49D173}.AppStore|iPhone.ActiveCfg = Debug|Any CPU
		{ACC9D340-445E-48CC-8D51-10171E49D173}.AppStore|iPhone.Build.0 = Debug|Any CPU
		{ACC9D340-445E-48CC-8D51-10171E49D173}.AppStore|iPhone.Deploy.0 = Debug|Any CPU
		{ACC9D340-445E-48CC-8D51-10171E49D173}.AppStore|iPhoneSimulator.ActiveCfg = Debug|Any CPU
		{ACC9D340-445E-48CC-8D51-10171E49D173}.AppStore|iPhoneSimulator.Build.0 = Debug|Any CPU
		{ACC9D340-445E-48CC-8D51-10171E49D173}.AppStore|iPhoneSimulator.Deploy.0 = Debug|Any CPU
		{ACC9D340-445E-48CC-8D51-10171E49D173}.AppStore|x64.ActiveCfg = Debug|Any CPU
		{ACC9D340-445E-48CC-8D51-10171E49D173}.AppStore|x64.Build.0 = Debug|Any CPU
		{ACC9D340-445E-48CC-8D51-10171E49D173}.AppStore|x64.Deploy.0 = Debug|Any CPU
		{ACC9D340-445E-48CC-8D51-10171E49D173}.AppStore|x86.ActiveCfg = Debug|Any CPU
		{ACC9D340-445E-48CC-8D51-10171E49D173}.AppStore|x86.Build.0 = Debug|Any CPU
		{ACC9D340-445E-48CC-8D51-10171E49D173}.AppStore|x86.Deploy.0 = Debug|Any CPU
		{ACC9D340-445E-48CC-8D51-10171E49D173}.Debug|Any CPU.ActiveCfg = Debug|Any CPU
		{ACC9D340-445E-48CC-8D51-10171E49D173}.Debug|Any CPU.Build.0 = Debug|Any CPU
		{ACC9D340-445E-48CC-8D51-10171E49D173}.Debug|Any CPU.Deploy.0 = Debug|Any CPU
		{ACC9D340-445E-48CC-8D51-10171E49D173}.Debug|ARM.ActiveCfg = Debug|Any CPU
		{ACC9D340-445E-48CC-8D51-10171E49D173}.Debug|ARM.Build.0 = Debug|Any CPU
		{ACC9D340-445E-48CC-8D51-10171E49D173}.Debug|ARM.Deploy.0 = Debug|Any CPU
		{ACC9D340-445E-48CC-8D51-10171E49D173}.Debug|iPhone.ActiveCfg = Debug|Any CPU
		{ACC9D340-445E-48CC-8D51-10171E49D173}.Debug|iPhone.Build.0 = Debug|Any CPU
		{ACC9D340-445E-48CC-8D51-10171E49D173}.Debug|iPhone.Deploy.0 = Debug|Any CPU
		{ACC9D340-445E-48CC-8D51-10171E49D173}.Debug|iPhoneSimulator.ActiveCfg = Debug|Any CPU
		{ACC9D340-445E-48CC-8D51-10171E49D173}.Debug|iPhoneSimulator.Build.0 = Debug|Any CPU
		{ACC9D340-445E-48CC-8D51-10171E49D173}.Debug|iPhoneSimulator.Deploy.0 = Debug|Any CPU
		{ACC9D340-445E-48CC-8D51-10171E49D173}.Debug|x64.ActiveCfg = Debug|Any CPU
		{ACC9D340-445E-48CC-8D51-10171E49D173}.Debug|x64.Build.0 = Debug|Any CPU
		{ACC9D340-445E-48CC-8D51-10171E49D173}.Debug|x64.Deploy.0 = Debug|Any CPU
		{ACC9D340-445E-48CC-8D51-10171E49D173}.Debug|x86.ActiveCfg = Debug|Any CPU
		{ACC9D340-445E-48CC-8D51-10171E49D173}.Debug|x86.Build.0 = Debug|Any CPU
		{ACC9D340-445E-48CC-8D51-10171E49D173}.Debug|x86.Deploy.0 = Debug|Any CPU
		{ACC9D340-445E-48CC-8D51-10171E49D173}.Release|Any CPU.ActiveCfg = Release|Any CPU
		{ACC9D340-445E-48CC-8D51-10171E49D173}.Release|Any CPU.Build.0 = Release|Any CPU
		{ACC9D340-445E-48CC-8D51-10171E49D173}.Release|Any CPU.Deploy.0 = Release|Any CPU
		{ACC9D340-445E-48CC-8D51-10171E49D173}.Release|ARM.ActiveCfg = Release|Any CPU
		{ACC9D340-445E-48CC-8D51-10171E49D173}.Release|ARM.Build.0 = Release|Any CPU
		{ACC9D340-445E-48CC-8D51-10171E49D173}.Release|ARM.Deploy.0 = Release|Any CPU
		{ACC9D340-445E-48CC-8D51-10171E49D173}.Release|iPhone.ActiveCfg = Release|Any CPU
		{ACC9D340-445E-48CC-8D51-10171E49D173}.Release|iPhone.Build.0 = Release|Any CPU
		{ACC9D340-445E-48CC-8D51-10171E49D173}.Release|iPhone.Deploy.0 = Release|Any CPU
		{ACC9D340-445E-48CC-8D51-10171E49D173}.Release|iPhoneSimulator.ActiveCfg = Release|Any CPU
		{ACC9D340-445E-48CC-8D51-10171E49D173}.Release|iPhoneSimulator.Build.0 = Release|Any CPU
		{ACC9D340-445E-48CC-8D51-10171E49D173}.Release|iPhoneSimulator.Deploy.0 = Release|Any CPU
		{ACC9D340-445E-48CC-8D51-10171E49D173}.Release|x64.ActiveCfg = Release|Any CPU
		{ACC9D340-445E-48CC-8D51-10171E49D173}.Release|x64.Build.0 = Release|Any CPU
		{ACC9D340-445E-48CC-8D51-10171E49D173}.Release|x64.Deploy.0 = Release|Any CPU
		{ACC9D340-445E-48CC-8D51-10171E49D173}.Release|x86.ActiveCfg = Release|Any CPU
		{ACC9D340-445E-48CC-8D51-10171E49D173}.Release|x86.Build.0 = Release|Any CPU
		{ACC9D340-445E-48CC-8D51-10171E49D173}.Release|x86.Deploy.0 = Release|Any CPU
	EndGlobalSection
	GlobalSection(SolutionProperties) = preSolution
		HideSolutionNode = FALSE
	EndGlobalSection
	GlobalSection(ExtensibilityGlobals) = postSolution
		SolutionGuid = {D915A78B-30F8-4008-8F82-5D4F65D09CCA}
	EndGlobalSection
EndGlobal
